
Microsoft Visual Studio Solution File, Format Version 12.00
# Visual Studio Version 17
VisualStudioVersion = 17.0.31903.59
MinimumVisualStudioVersion = 10.0.40219.1
Project("{FAE04EC0-301F-11D3-BF4B-00C04F79EFBC}") = "Day01", "Day01\Day01.csproj", "{61BA13DF-ED51-4146-A192-E2C1F68FFD2A}"
EndProject
Project("{2150E333-8FDC-42A3-9474-1A3956D46DE8}") = "Day01", "Day01", "{349A2F2B-E499-4BD6-B0E9-005C2C237B8D}"
EndProject
Global
	GlobalSection(SolutionConfigurationPlatforms) = preSolution
		Debug|Any CPU = Debug|Any CPU
		Release|Any CPU = Release|Any CPU
	EndGlobalSection
	GlobalSection(SolutionProperties) = preSolution
		HideSolutionNode = FALSE
	EndGlobalSection
	GlobalSection(ProjectConfigurationPlatforms) = postSolution
		{61BA13DF-ED51-4146-A192-E2C1F68FFD2A}.Debug|Any CPU.ActiveCfg = Debug|Any CPU
		{61BA13DF-ED51-4146-A192-E2C1F68FFD2A}.Debug|Any CPU.Build.0 = Debug|Any CPU
		{61BA13DF-ED51-4146-A192-E2C1F68FFD2A}.Release|Any CPU.ActiveCfg = Release|Any CPU
		{61BA13DF-ED51-4146-A192-E2C1F68FFD2A}.Release|Any CPU.Build.0 = Release|Any CPU
	EndGlobalSection
	GlobalSection(NestedProjects) = preSolution
		{61BA13DF-ED51-4146-A192-E2C1F68FFD2A} = {349A2F2B-E499-4BD6-B0E9-005C2C237B8D}
	EndGlobalSection
EndGlobal
